// !$*UTF8*$!
{
	archiveVersion = 1;
	classes = {
	};
	objectVersion = 46;
	objects = {

/* Begin PBXBuildFile section */
		1F150DC8149697C100D6AF38 /* SeeTheAppMainMenuViewController.m in Sources */ = {isa = PBXBuildFile; fileRef = 1F150DC7149697C100D6AF38 /* SeeTheAppMainMenuViewController.m */; };
		1F150DD41496C62500D6AF38 /* SeeTheAppCategoriesMenuViewController.m in Sources */ = {isa = PBXBuildFile; fileRef = 1F150DD31496C62500D6AF38 /* SeeTheAppCategoriesMenuViewController.m */; };
		1F150DD71496C66700D6AF38 /* SeeTheAppGamesSubcategoriesMenuViewController.m in Sources */ = {isa = PBXBuildFile; fileRef = 1F150DD61496C66600D6AF38 /* SeeTheAppGamesSubcategoriesMenuViewController.m */; };
		1F29C0D61435241A0042A9D8 /* Reachability.m in Sources */ = {isa = PBXBuildFile; fileRef = 1F29C0D51435241A0042A9D8 /* Reachability.m */; };
		1F29C0D81435244A0042A9D8 /* SystemConfiguration.framework in Frameworks */ = {isa = PBXBuildFile; fileRef = 1F29C0D71435244A0042A9D8 /* SystemConfiguration.framework */; };
		1F358244141AC6A9002D50C3 /* GVGalleryView.m in Sources */ = {isa = PBXBuildFile; fileRef = 1F358243141AC6A9002D50C3 /* GVGalleryView.m */; };
		1F358248141AC7F2002D50C3 /* GVGalleryViewCell.m in Sources */ = {isa = PBXBuildFile; fileRef = 1F358247141AC7F2002D50C3 /* GVGalleryViewCell.m */; };
		1F4028BA149A6FCE003A1EE8 /* STASearchBar.m in Sources */ = {isa = PBXBuildFile; fileRef = 1F4028B9149A6FCE003A1EE8 /* STASearchBar.m */; };
		1F42A3BB14B9F185008A1894 /* NSObject+SBJson.m in Sources */ = {isa = PBXBuildFile; fileRef = 1F42A3A314B9F185008A1894 /* NSObject+SBJson.m */; };
		1F42A3BC14B9F185008A1894 /* SBJsonParser.m in Sources */ = {isa = PBXBuildFile; fileRef = 1F42A3A614B9F185008A1894 /* SBJsonParser.m */; };
		1F42A3BD14B9F185008A1894 /* SBJsonStreamParser.m in Sources */ = {isa = PBXBuildFile; fileRef = 1F42A3A814B9F185008A1894 /* SBJsonStreamParser.m */; };
		1F42A3BE14B9F185008A1894 /* SBJsonStreamParserAccumulator.m in Sources */ = {isa = PBXBuildFile; fileRef = 1F42A3AA14B9F185008A1894 /* SBJsonStreamParserAccumulator.m */; };
		1F42A3BF14B9F185008A1894 /* SBJsonStreamParserAdapter.m in Sources */ = {isa = PBXBuildFile; fileRef = 1F42A3AC14B9F185008A1894 /* SBJsonStreamParserAdapter.m */; };
		1F42A3C014B9F185008A1894 /* SBJsonStreamParserState.m in Sources */ = {isa = PBXBuildFile; fileRef = 1F42A3AE14B9F185008A1894 /* SBJsonStreamParserState.m */; };
		1F42A3C114B9F185008A1894 /* SBJsonStreamWriter.m in Sources */ = {isa = PBXBuildFile; fileRef = 1F42A3B014B9F185008A1894 /* SBJsonStreamWriter.m */; };
		1F42A3C214B9F185008A1894 /* SBJsonStreamWriterAccumulator.m in Sources */ = {isa = PBXBuildFile; fileRef = 1F42A3B214B9F185008A1894 /* SBJsonStreamWriterAccumulator.m */; };
		1F42A3C314B9F185008A1894 /* SBJsonStreamWriterState.m in Sources */ = {isa = PBXBuildFile; fileRef = 1F42A3B414B9F185008A1894 /* SBJsonStreamWriterState.m */; };
		1F42A3C414B9F185008A1894 /* SBJsonTokeniser.m in Sources */ = {isa = PBXBuildFile; fileRef = 1F42A3B614B9F185008A1894 /* SBJsonTokeniser.m */; };
		1F42A3C514B9F185008A1894 /* SBJsonUTF8Stream.m in Sources */ = {isa = PBXBuildFile; fileRef = 1F42A3B814B9F185008A1894 /* SBJsonUTF8Stream.m */; };
		1F42A3C614B9F185008A1894 /* SBJsonWriter.m in Sources */ = {isa = PBXBuildFile; fileRef = 1F42A3BA14B9F185008A1894 /* SBJsonWriter.m */; };
		1F43D53814BE5A5E0019EAA4 /* MessageUI.framework in Frameworks */ = {isa = PBXBuildFile; fileRef = 1F43D53714BE5A5E0019EAA4 /* MessageUI.framework */; };
		1F43D53B14BE62AC0019EAA4 /* SeeTheAppAppStoreSelectViewController.m in Sources */ = {isa = PBXBuildFile; fileRef = 1F43D53A14BE62AC0019EAA4 /* SeeTheAppAppStoreSelectViewController.m */; };
		1F61366114718F4900E9A795 /* Settings.bundle in Resources */ = {isa = PBXBuildFile; fileRef = 1F61366014718F4900E9A795 /* Settings.bundle */; };
		1F735511143A266B00C4C6A4 /* SeeTheAppGalleryViewController.m in Sources */ = {isa = PBXBuildFile; fileRef = 1F735510143A266B00C4C6A4 /* SeeTheAppGalleryViewController.m */; };
		1F735521143A96AF00C4C6A4 /* Icon.png in Resources */ = {isa = PBXBuildFile; fileRef = 1F735520143A96AF00C4C6A4 /* Icon.png */; };
		1F735523143A96B800C4C6A4 /* Icon@2x.png in Resources */ = {isa = PBXBuildFile; fileRef = 1F735522143A96B800C4C6A4 /* Icon@2x.png */; };
		1F735525143A96CB00C4C6A4 /* IconHD.png in Resources */ = {isa = PBXBuildFile; fileRef = 1F735524143A96CB00C4C6A4 /* IconHD.png */; };
		1F836B2C14C90158001CB129 /* STAAppStoreButton.m in Sources */ = {isa = PBXBuildFile; fileRef = 1F836B2B14C90158001CB129 /* STAAppStoreButton.m */; };
		1F89CE8414C88ECC00D780A8 /* STAAppStoreButton.png in Resources */ = {isa = PBXBuildFile; fileRef = 1F89CE7914C88ECC00D780A8 /* STAAppStoreButton.png */; };
		1F89CE8514C88ECC00D780A8 /* STAAppStoreButtonDisabled.png in Resources */ = {isa = PBXBuildFile; fileRef = 1F89CE7A14C88ECC00D780A8 /* STAAppStoreButtonDisabled.png */; };
		1F89CE8614C88ECC00D780A8 /* STAAppStoreButtonHighlighted.png in Resources */ = {isa = PBXBuildFile; fileRef = 1F89CE7B14C88ECC00D780A8 /* STAAppStoreButtonHighlighted.png */; };
		1F89CE8714C88ECC00D780A8 /* STACellBackground.png in Resources */ = {isa = PBXBuildFile; fileRef = 1F89CE7C14C88ECC00D780A8 /* STACellBackground.png */; };
		1F89CE8814C88ECC00D780A8 /* STACorkBackground.png in Resources */ = {isa = PBXBuildFile; fileRef = 1F89CE7D14C88ECC00D780A8 /* STACorkBackground.png */; };
		1F89CE8914C88ECC00D780A8 /* STAMenuButton.png in Resources */ = {isa = PBXBuildFile; fileRef = 1F89CE7E14C88ECC00D780A8 /* STAMenuButton.png */; };
		1F89CE8A14C88ECC00D780A8 /* STAMenuButtonHighlighted.png in Resources */ = {isa = PBXBuildFile; fileRef = 1F89CE7F14C88ECC00D780A8 /* STAMenuButtonHighlighted.png */; };
		1F89CE8B14C88ECC00D780A8 /* STANavigationBar.png in Resources */ = {isa = PBXBuildFile; fileRef = 1F89CE8014C88ECC00D780A8 /* STANavigationBar.png */; };
		1F89CE8C14C88ECC00D780A8 /* STANavigationBarShadow.png in Resources */ = {isa = PBXBuildFile; fileRef = 1F89CE8114C88ECC00D780A8 /* STANavigationBarShadow.png */; };
		1F89CE8D14C88ECC00D780A8 /* STAOptionsMenuButton.png in Resources */ = {isa = PBXBuildFile; fileRef = 1F89CE8214C88ECC00D780A8 /* STAOptionsMenuButton.png */; };
		1F89CE8E14C88ECC00D780A8 /* STAPin.png in Resources */ = {isa = PBXBuildFile; fileRef = 1F89CE8314C88ECC00D780A8 /* STAPin.png */; };
		1F89CE9A14C88EDA00D780A8 /* STAAppStoreButton@2x.png in Resources */ = {isa = PBXBuildFile; fileRef = 1F89CE8F14C88EDA00D780A8 /* STAAppStoreButton@2x.png */; };
		1F89CE9B14C88EDA00D780A8 /* STAAppStoreButtonDisabled@2x.png in Resources */ = {isa = PBXBuildFile; fileRef = 1F89CE9014C88EDA00D780A8 /* STAAppStoreButtonDisabled@2x.png */; };
		1F89CE9C14C88EDA00D780A8 /* STAAppStoreButtonHighlighted@2x.png in Resources */ = {isa = PBXBuildFile; fileRef = 1F89CE9114C88EDA00D780A8 /* STAAppStoreButtonHighlighted@2x.png */; };
		1F89CE9D14C88EDA00D780A8 /* STACellBackground@2x.png in Resources */ = {isa = PBXBuildFile; fileRef = 1F89CE9214C88EDA00D780A8 /* STACellBackground@2x.png */; };
		1F89CE9E14C88EDA00D780A8 /* STACorkBackground@2x.png in Resources */ = {isa = PBXBuildFile; fileRef = 1F89CE9314C88EDA00D780A8 /* STACorkBackground@2x.png */; };
		1F89CE9F14C88EDA00D780A8 /* STAMenuButton@2x.png in Resources */ = {isa = PBXBuildFile; fileRef = 1F89CE9414C88EDA00D780A8 /* STAMenuButton@2x.png */; };
		1F89CEA014C88EDA00D780A8 /* STAMenuButtonHighlighted@2x.png in Resources */ = {isa = PBXBuildFile; fileRef = 1F89CE9514C88EDA00D780A8 /* STAMenuButtonHighlighted@2x.png */; };
		1F89CEA114C88EDA00D780A8 /* STANavigationBar@2x.png in Resources */ = {isa = PBXBuildFile; fileRef = 1F89CE9614C88EDA00D780A8 /* STANavigationBar@2x.png */; };
		1F89CEA214C88EDA00D780A8 /* STANavigationBarShadow@2x.png in Resources */ = {isa = PBXBuildFile; fileRef = 1F89CE9714C88EDA00D780A8 /* STANavigationBarShadow@2x.png */; };
		1F89CEA314C88EDA00D780A8 /* STAOptionsMenuButton@2x.png in Resources */ = {isa = PBXBuildFile; fileRef = 1F89CE9814C88EDA00D780A8 /* STAOptionsMenuButton@2x.png */; };
		1F89CEA414C88EDA00D780A8 /* STAPin@2x.png in Resources */ = {isa = PBXBuildFile; fileRef = 1F89CE9914C88EDA00D780A8 /* STAPin@2x.png */; };
		1F89CEB014C88EE600D780A8 /* STAAppStoreButtonDisabledHD.png in Resources */ = {isa = PBXBuildFile; fileRef = 1F89CEA514C88EE600D780A8 /* STAAppStoreButtonDisabledHD.png */; };
		1F89CEB114C88EE600D780A8 /* STAAppStoreButtonHD.png in Resources */ = {isa = PBXBuildFile; fileRef = 1F89CEA614C88EE600D780A8 /* STAAppStoreButtonHD.png */; };
		1F89CEB214C88EE600D780A8 /* STAAppStoreButtonHighlightedHD.png in Resources */ = {isa = PBXBuildFile; fileRef = 1F89CEA714C88EE600D780A8 /* STAAppStoreButtonHighlightedHD.png */; };
		1F89CEB314C88EE600D780A8 /* STACellBackgroundHD.png in Resources */ = {isa = PBXBuildFile; fileRef = 1F89CEA814C88EE600D780A8 /* STACellBackgroundHD.png */; };
		1F89CEB414C88EE600D780A8 /* STACorkBackgroundHD.png in Resources */ = {isa = PBXBuildFile; fileRef = 1F89CEA914C88EE600D780A8 /* STACorkBackgroundHD.png */; };
		1F89CEB514C88EE600D780A8 /* STAMenuButtonHD.png in Resources */ = {isa = PBXBuildFile; fileRef = 1F89CEAA14C88EE600D780A8 /* STAMenuButtonHD.png */; };
		1F89CEB614C88EE600D780A8 /* STAMenuButtonHighlightedHD.png in Resources */ = {isa = PBXBuildFile; fileRef = 1F89CEAB14C88EE600D780A8 /* STAMenuButtonHighlightedHD.png */; };
		1F89CEB714C88EE600D780A8 /* STANavigationBarHD.png in Resources */ = {isa = PBXBuildFile; fileRef = 1F89CEAC14C88EE600D780A8 /* STANavigationBarHD.png */; };
		1F89CEB814C88EE600D780A8 /* STANavigationBarShadowHD.png in Resources */ = {isa = PBXBuildFile; fileRef = 1F89CEAD14C88EE600D780A8 /* STANavigationBarShadowHD.png */; };
		1F89CEB914C88EE600D780A8 /* STAOptionsMenuButtonHD.png in Resources */ = {isa = PBXBuildFile; fileRef = 1F89CEAE14C88EE600D780A8 /* STAOptionsMenuButtonHD.png */; };
		1F89CEBA14C88EE600D780A8 /* STAPinHD.png in Resources */ = {isa = PBXBuildFile; fileRef = 1F89CEAF14C88EE600D780A8 /* STAPinHD.png */; };
		1F89CEBC14C88EF800D780A8 /* Default.png in Resources */ = {isa = PBXBuildFile; fileRef = 1F89CEBB14C88EF800D780A8 /* Default.png */; };
		1F89CEBE14C88F0000D780A8 /* Default@2x.png in Resources */ = {isa = PBXBuildFile; fileRef = 1F89CEBD14C88F0000D780A8 /* Default@2x.png */; };
		1F89CEC014C88F1A00D780A8 /* Default-Portrait~ipad.png in Resources */ = {isa = PBXBuildFile; fileRef = 1F89CEBF14C88F1A00D780A8 /* Default-Portrait~ipad.png */; };
		1F89CEC514C896EE00D780A8 /* SeeTheAppMenuView.m in Sources */ = {isa = PBXBuildFile; fileRef = 1F89CEC414C896EE00D780A8 /* SeeTheAppMenuView.m */; };
		1FB2ECA714BCBA1C0046FBAD /* SeeTheAppOptionsViewController.m in Sources */ = {isa = PBXBuildFile; fileRef = 1FB2ECA614BCBA1C0046FBAD /* SeeTheAppOptionsViewController.m */; };
		1FC78F091436762300A6B80D /* libsqlite3.dylib in Frameworks */ = {isa = PBXBuildFile; fileRef = 1FC78F081436762300A6B80D /* libsqlite3.dylib */; };
		1FCEA81C143CDA99000E5E1D /* libz.dylib in Frameworks */ = {isa = PBXBuildFile; fileRef = 1FCEA81B143CDA99000E5E1D /* libz.dylib */; };
		1FCECEC71476E04700623C30 /* STAScreenshotImage.m in Sources */ = {isa = PBXBuildFile; fileRef = 1FCECEC61476E04700623C30 /* STAScreenshotImage.m */; };
		1FE6B090147ABB0D0063946C /* Localizable.strings in Resources */ = {isa = PBXBuildFile; fileRef = 1FE6B092147ABB0D0063946C /* Localizable.strings */; };
		1FEF9229143F5DF30086C92E /* LocalyticsDatabase.m in Sources */ = {isa = PBXBuildFile; fileRef = 1FEF9223143F5DF30086C92E /* LocalyticsDatabase.m */; };
		1FEF922A143F5DF30086C92E /* LocalyticsSession.m in Sources */ = {isa = PBXBuildFile; fileRef = 1FEF9225143F5DF30086C92E /* LocalyticsSession.m */; };
		1FEF922B143F5DF30086C92E /* UploaderThread.m in Sources */ = {isa = PBXBuildFile; fileRef = 1FEF9227143F5DF30086C92E /* UploaderThread.m */; };
		1FF703411416805D00F99082 /* UIKit.framework in Frameworks */ = {isa = PBXBuildFile; fileRef = 1FF703401416805D00F99082 /* UIKit.framework */; };
		1FF703431416805D00F99082 /* Foundation.framework in Frameworks */ = {isa = PBXBuildFile; fileRef = 1FF703421416805D00F99082 /* Foundation.framework */; };
		1FF703451416805D00F99082 /* CoreGraphics.framework in Frameworks */ = {isa = PBXBuildFile; fileRef = 1FF703441416805D00F99082 /* CoreGraphics.framework */; };
		1FF703471416805D00F99082 /* CoreData.framework in Frameworks */ = {isa = PBXBuildFile; fileRef = 1FF703461416805D00F99082 /* CoreData.framework */; };
		1FF7034D1416805D00F99082 /* InfoPlist.strings in Resources */ = {isa = PBXBuildFile; fileRef = 1FF7034B1416805D00F99082 /* InfoPlist.strings */; };
		1FF703501416805D00F99082 /* main.m in Sources */ = {isa = PBXBuildFile; fileRef = 1FF7034F1416805D00F99082 /* main.m */; };
		1FF703531416805D00F99082 /* SeeTheAppAppDelegate.m in Sources */ = {isa = PBXBuildFile; fileRef = 1FF703521416805D00F99082 /* SeeTheAppAppDelegate.m */; };
		1FF703561416805D00F99082 /* SeeTheApp.xcdatamodeld in Sources */ = {isa = PBXBuildFile; fileRef = 1FF703541416805D00F99082 /* SeeTheApp.xcdatamodeld */; };
		1FF7035A1416805D00F99082 /* SeeTheAppAppDelegate_iPhone.m in Sources */ = {isa = PBXBuildFile; fileRef = 1FF703591416805D00F99082 /* SeeTheAppAppDelegate_iPhone.m */; };
		1FF7035D1416805E00F99082 /* MainWindow_iPhone.xib in Resources */ = {isa = PBXBuildFile; fileRef = 1FF7035B1416805E00F99082 /* MainWindow_iPhone.xib */; };
		1FF703611416805E00F99082 /* SeeTheAppAppDelegate_iPad.m in Sources */ = {isa = PBXBuildFile; fileRef = 1FF703601416805E00F99082 /* SeeTheAppAppDelegate_iPad.m */; };
		1FF703641416805E00F99082 /* MainWindow_iPad.xib in Resources */ = {isa = PBXBuildFile; fileRef = 1FF703621416805E00F99082 /* MainWindow_iPad.xib */; };
		1FF8B77E14329FA8007A9EB6 /* SeaquationsScreenshot.png in Resources */ = {isa = PBXBuildFile; fileRef = 1FF8B77C14329FA8007A9EB6 /* SeaquationsScreenshot.png */; };
		1FF8B77F14329FA8007A9EB6 /* SeaquationsScreenshotHD.png in Resources */ = {isa = PBXBuildFile; fileRef = 1FF8B77D14329FA8007A9EB6 /* SeaquationsScreenshotHD.png */; };
/* End PBXBuildFile section */

/* Begin PBXFileReference section */
		1F150DC6149697C100D6AF38 /* SeeTheAppMainMenuViewController.h */ = {isa = PBXFileReference; fileEncoding = 4; lastKnownFileType = sourcecode.c.h; path = SeeTheAppMainMenuViewController.h; sourceTree = "<group>"; };
		1F150DC7149697C100D6AF38 /* SeeTheAppMainMenuViewController.m */ = {isa = PBXFileReference; fileEncoding = 4; lastKnownFileType = sourcecode.c.objc; path = SeeTheAppMainMenuViewController.m; sourceTree = "<group>"; };
		1F150DD21496C62500D6AF38 /* SeeTheAppCategoriesMenuViewController.h */ = {isa = PBXFileReference; fileEncoding = 4; lastKnownFileType = sourcecode.c.h; path = SeeTheAppCategoriesMenuViewController.h; sourceTree = "<group>"; };
		1F150DD31496C62500D6AF38 /* SeeTheAppCategoriesMenuViewController.m */ = {isa = PBXFileReference; fileEncoding = 4; lastKnownFileType = sourcecode.c.objc; path = SeeTheAppCategoriesMenuViewController.m; sourceTree = "<group>"; };
		1F150DD51496C66600D6AF38 /* SeeTheAppGamesSubcategoriesMenuViewController.h */ = {isa = PBXFileReference; fileEncoding = 4; lastKnownFileType = sourcecode.c.h; path = SeeTheAppGamesSubcategoriesMenuViewController.h; sourceTree = "<group>"; };
		1F150DD61496C66600D6AF38 /* SeeTheAppGamesSubcategoriesMenuViewController.m */ = {isa = PBXFileReference; fileEncoding = 4; lastKnownFileType = sourcecode.c.objc; path = SeeTheAppGamesSubcategoriesMenuViewController.m; sourceTree = "<group>"; };
		1F29C0D41435241A0042A9D8 /* Reachability.h */ = {isa = PBXFileReference; fileEncoding = 4; lastKnownFileType = sourcecode.c.h; path = Reachability.h; sourceTree = "<group>"; };
		1F29C0D51435241A0042A9D8 /* Reachability.m */ = {isa = PBXFileReference; fileEncoding = 4; lastKnownFileType = sourcecode.c.objc; path = Reachability.m; sourceTree = "<group>"; };
		1F29C0D71435244A0042A9D8 /* SystemConfiguration.framework */ = {isa = PBXFileReference; lastKnownFileType = wrapper.framework; name = SystemConfiguration.framework; path = System/Library/Frameworks/SystemConfiguration.framework; sourceTree = SDKROOT; };
		1F3426CE14CBB6F100E7545C /* zh-Hans */ = {isa = PBXFileReference; lastKnownFileType = text.plist.strings; name = "zh-Hans"; path = "zh-Hans.lproj/Localizable.strings"; sourceTree = "<group>"; };
		1F358242141AC6A8002D50C3 /* GVGalleryView.h */ = {isa = PBXFileReference; fileEncoding = 4; lastKnownFileType = sourcecode.c.h; path = GVGalleryView.h; sourceTree = "<group>"; };
		1F358243141AC6A9002D50C3 /* GVGalleryView.m */ = {isa = PBXFileReference; fileEncoding = 4; lastKnownFileType = sourcecode.c.objc; path = GVGalleryView.m; sourceTree = "<group>"; };
		1F358246141AC7F2002D50C3 /* GVGalleryViewCell.h */ = {isa = PBXFileReference; fileEncoding = 4; lastKnownFileType = sourcecode.c.h; path = GVGalleryViewCell.h; sourceTree = "<group>"; };
		1F358247141AC7F2002D50C3 /* GVGalleryViewCell.m */ = {isa = PBXFileReference; fileEncoding = 4; lastKnownFileType = sourcecode.c.objc; path = GVGalleryViewCell.m; sourceTree = "<group>"; };
		1F4028B8149A6FCE003A1EE8 /* STASearchBar.h */ = {isa = PBXFileReference; fileEncoding = 4; lastKnownFileType = sourcecode.c.h; path = STASearchBar.h; sourceTree = "<group>"; };
		1F4028B9149A6FCE003A1EE8 /* STASearchBar.m */ = {isa = PBXFileReference; fileEncoding = 4; lastKnownFileType = sourcecode.c.objc; path = STASearchBar.m; sourceTree = "<group>"; };
		1F42A3A214B9F185008A1894 /* NSObject+SBJson.h */ = {isa = PBXFileReference; fileEncoding = 4; lastKnownFileType = sourcecode.c.h; path = "NSObject+SBJson.h"; sourceTree = "<group>"; };
		1F42A3A314B9F185008A1894 /* NSObject+SBJson.m */ = {isa = PBXFileReference; fileEncoding = 4; lastKnownFileType = sourcecode.c.objc; path = "NSObject+SBJson.m"; sourceTree = "<group>"; };
		1F42A3A414B9F185008A1894 /* SBJson.h */ = {isa = PBXFileReference; fileEncoding = 4; lastKnownFileType = sourcecode.c.h; path = SBJson.h; sourceTree = "<group>"; };
		1F42A3A514B9F185008A1894 /* SBJsonParser.h */ = {isa = PBXFileReference; fileEncoding = 4; lastKnownFileType = sourcecode.c.h; path = SBJsonParser.h; sourceTree = "<group>"; };
		1F42A3A614B9F185008A1894 /* SBJsonParser.m */ = {isa = PBXFileReference; fileEncoding = 4; lastKnownFileType = sourcecode.c.objc; path = SBJsonParser.m; sourceTree = "<group>"; };
		1F42A3A714B9F185008A1894 /* SBJsonStreamParser.h */ = {isa = PBXFileReference; fileEncoding = 4; lastKnownFileType = sourcecode.c.h; path = SBJsonStreamParser.h; sourceTree = "<group>"; };
		1F42A3A814B9F185008A1894 /* SBJsonStreamParser.m */ = {isa = PBXFileReference; fileEncoding = 4; lastKnownFileType = sourcecode.c.objc; path = SBJsonStreamParser.m; sourceTree = "<group>"; };
		1F42A3A914B9F185008A1894 /* SBJsonStreamParserAccumulator.h */ = {isa = PBXFileReference; fileEncoding = 4; lastKnownFileType = sourcecode.c.h; path = SBJsonStreamParserAccumulator.h; sourceTree = "<group>"; };
		1F42A3AA14B9F185008A1894 /* SBJsonStreamParserAccumulator.m */ = {isa = PBXFileReference; fileEncoding = 4; lastKnownFileType = sourcecode.c.objc; path = SBJsonStreamParserAccumulator.m; sourceTree = "<group>"; };
		1F42A3AB14B9F185008A1894 /* SBJsonStreamParserAdapter.h */ = {isa = PBXFileReference; fileEncoding = 4; lastKnownFileType = sourcecode.c.h; path = SBJsonStreamParserAdapter.h; sourceTree = "<group>"; };
		1F42A3AC14B9F185008A1894 /* SBJsonStreamParserAdapter.m */ = {isa = PBXFileReference; fileEncoding = 4; lastKnownFileType = sourcecode.c.objc; path = SBJsonStreamParserAdapter.m; sourceTree = "<group>"; };
		1F42A3AD14B9F185008A1894 /* SBJsonStreamParserState.h */ = {isa = PBXFileReference; fileEncoding = 4; lastKnownFileType = sourcecode.c.h; path = SBJsonStreamParserState.h; sourceTree = "<group>"; };
		1F42A3AE14B9F185008A1894 /* SBJsonStreamParserState.m */ = {isa = PBXFileReference; fileEncoding = 4; lastKnownFileType = sourcecode.c.objc; path = SBJsonStreamParserState.m; sourceTree = "<group>"; };
		1F42A3AF14B9F185008A1894 /* SBJsonStreamWriter.h */ = {isa = PBXFileReference; fileEncoding = 4; lastKnownFileType = sourcecode.c.h; path = SBJsonStreamWriter.h; sourceTree = "<group>"; };
		1F42A3B014B9F185008A1894 /* SBJsonStreamWriter.m */ = {isa = PBXFileReference; fileEncoding = 4; lastKnownFileType = sourcecode.c.objc; path = SBJsonStreamWriter.m; sourceTree = "<group>"; };
		1F42A3B114B9F185008A1894 /* SBJsonStreamWriterAccumulator.h */ = {isa = PBXFileReference; fileEncoding = 4; lastKnownFileType = sourcecode.c.h; path = SBJsonStreamWriterAccumulator.h; sourceTree = "<group>"; };
		1F42A3B214B9F185008A1894 /* SBJsonStreamWriterAccumulator.m */ = {isa = PBXFileReference; fileEncoding = 4; lastKnownFileType = sourcecode.c.objc; path = SBJsonStreamWriterAccumulator.m; sourceTree = "<group>"; };
		1F42A3B314B9F185008A1894 /* SBJsonStreamWriterState.h */ = {isa = PBXFileReference; fileEncoding = 4; lastKnownFileType = sourcecode.c.h; path = SBJsonStreamWriterState.h; sourceTree = "<group>"; };
		1F42A3B414B9F185008A1894 /* SBJsonStreamWriterState.m */ = {isa = PBXFileReference; fileEncoding = 4; lastKnownFileType = sourcecode.c.objc; path = SBJsonStreamWriterState.m; sourceTree = "<group>"; };
		1F42A3B514B9F185008A1894 /* SBJsonTokeniser.h */ = {isa = PBXFileReference; fileEncoding = 4; lastKnownFileType = sourcecode.c.h; path = SBJsonTokeniser.h; sourceTree = "<group>"; };
		1F42A3B614B9F185008A1894 /* SBJsonTokeniser.m */ = {isa = PBXFileReference; fileEncoding = 4; lastKnownFileType = sourcecode.c.objc; path = SBJsonTokeniser.m; sourceTree = "<group>"; };
		1F42A3B714B9F185008A1894 /* SBJsonUTF8Stream.h */ = {isa = PBXFileReference; fileEncoding = 4; lastKnownFileType = sourcecode.c.h; path = SBJsonUTF8Stream.h; sourceTree = "<group>"; };
		1F42A3B814B9F185008A1894 /* SBJsonUTF8Stream.m */ = {isa = PBXFileReference; fileEncoding = 4; lastKnownFileType = sourcecode.c.objc; path = SBJsonUTF8Stream.m; sourceTree = "<group>"; };
		1F42A3B914B9F185008A1894 /* SBJsonWriter.h */ = {isa = PBXFileReference; fileEncoding = 4; lastKnownFileType = sourcecode.c.h; path = SBJsonWriter.h; sourceTree = "<group>"; };
		1F42A3BA14B9F185008A1894 /* SBJsonWriter.m */ = {isa = PBXFileReference; fileEncoding = 4; lastKnownFileType = sourcecode.c.objc; path = SBJsonWriter.m; sourceTree = "<group>"; };
		1F43D53714BE5A5E0019EAA4 /* MessageUI.framework */ = {isa = PBXFileReference; lastKnownFileType = wrapper.framework; name = MessageUI.framework; path = System/Library/Frameworks/MessageUI.framework; sourceTree = SDKROOT; };
		1F43D53914BE62AB0019EAA4 /* SeeTheAppAppStoreSelectViewController.h */ = {isa = PBXFileReference; fileEncoding = 4; lastKnownFileType = sourcecode.c.h; path = SeeTheAppAppStoreSelectViewController.h; sourceTree = "<group>"; };
		1F43D53A14BE62AC0019EAA4 /* SeeTheAppAppStoreSelectViewController.m */ = {isa = PBXFileReference; fileEncoding = 4; lastKnownFileType = sourcecode.c.objc; path = SeeTheAppAppStoreSelectViewController.m; sourceTree = "<group>"; };
		1F61366014718F4900E9A795 /* Settings.bundle */ = {isa = PBXFileReference; explicitFileType = wrapper.application; path = Settings.bundle; sourceTree = "<group>"; };
		1F73550F143A266A00C4C6A4 /* SeeTheAppGalleryViewController.h */ = {isa = PBXFileReference; fileEncoding = 4; lastKnownFileType = sourcecode.c.h; path = SeeTheAppGalleryViewController.h; sourceTree = "<group>"; };
		1F735510143A266B00C4C6A4 /* SeeTheAppGalleryViewController.m */ = {isa = PBXFileReference; fileEncoding = 4; lastKnownFileType = sourcecode.c.objc; path = SeeTheAppGalleryViewController.m; sourceTree = "<group>"; };
		1F735520143A96AF00C4C6A4 /* Icon.png */ = {isa = PBXFileReference; lastKnownFileType = image.png; name = Icon.png; path = ../Icon.png; sourceTree = "<group>"; };
		1F735522143A96B800C4C6A4 /* Icon@2x.png */ = {isa = PBXFileReference; lastKnownFileType = image.png; name = "Icon@2x.png"; path = "../Icon@2x.png"; sourceTree = "<group>"; };
		1F735524143A96CB00C4C6A4 /* IconHD.png */ = {isa = PBXFileReference; lastKnownFileType = image.png; name = IconHD.png; path = ../IconHD.png; sourceTree = "<group>"; };
		1F836B2A14C90158001CB129 /* STAAppStoreButton.h */ = {isa = PBXFileReference; fileEncoding = 4; lastKnownFileType = sourcecode.c.h; path = STAAppStoreButton.h; sourceTree = "<group>"; };
		1F836B2B14C90158001CB129 /* STAAppStoreButton.m */ = {isa = PBXFileReference; fileEncoding = 4; lastKnownFileType = sourcecode.c.objc; path = STAAppStoreButton.m; sourceTree = "<group>"; };
		1F89CE7914C88ECC00D780A8 /* STAAppStoreButton.png */ = {isa = PBXFileReference; lastKnownFileType = image.png; path = STAAppStoreButton.png; sourceTree = "<group>"; };
		1F89CE7A14C88ECC00D780A8 /* STAAppStoreButtonDisabled.png */ = {isa = PBXFileReference; lastKnownFileType = image.png; path = STAAppStoreButtonDisabled.png; sourceTree = "<group>"; };
		1F89CE7B14C88ECC00D780A8 /* STAAppStoreButtonHighlighted.png */ = {isa = PBXFileReference; lastKnownFileType = image.png; path = STAAppStoreButtonHighlighted.png; sourceTree = "<group>"; };
		1F89CE7C14C88ECC00D780A8 /* STACellBackground.png */ = {isa = PBXFileReference; lastKnownFileType = image.png; path = STACellBackground.png; sourceTree = "<group>"; };
		1F89CE7D14C88ECC00D780A8 /* STACorkBackground.png */ = {isa = PBXFileReference; lastKnownFileType = image.png; path = STACorkBackground.png; sourceTree = "<group>"; };
		1F89CE7E14C88ECC00D780A8 /* STAMenuButton.png */ = {isa = PBXFileReference; lastKnownFileType = image.png; path = STAMenuButton.png; sourceTree = "<group>"; };
		1F89CE7F14C88ECC00D780A8 /* STAMenuButtonHighlighted.png */ = {isa = PBXFileReference; lastKnownFileType = image.png; path = STAMenuButtonHighlighted.png; sourceTree = "<group>"; };
		1F89CE8014C88ECC00D780A8 /* STANavigationBar.png */ = {isa = PBXFileReference; lastKnownFileType = image.png; path = STANavigationBar.png; sourceTree = "<group>"; };
		1F89CE8114C88ECC00D780A8 /* STANavigationBarShadow.png */ = {isa = PBXFileReference; lastKnownFileType = image.png; path = STANavigationBarShadow.png; sourceTree = "<group>"; };
		1F89CE8214C88ECC00D780A8 /* STAOptionsMenuButton.png */ = {isa = PBXFileReference; lastKnownFileType = image.png; path = STAOptionsMenuButton.png; sourceTree = "<group>"; };
		1F89CE8314C88ECC00D780A8 /* STAPin.png */ = {isa = PBXFileReference; lastKnownFileType = image.png; path = STAPin.png; sourceTree = "<group>"; };
		1F89CE8F14C88EDA00D780A8 /* STAAppStoreButton@2x.png */ = {isa = PBXFileReference; lastKnownFileType = image.png; path = "STAAppStoreButton@2x.png"; sourceTree = "<group>"; };
		1F89CE9014C88EDA00D780A8 /* STAAppStoreButtonDisabled@2x.png */ = {isa = PBXFileReference; lastKnownFileType = image.png; path = "STAAppStoreButtonDisabled@2x.png"; sourceTree = "<group>"; };
		1F89CE9114C88EDA00D780A8 /* STAAppStoreButtonHighlighted@2x.png */ = {isa = PBXFileReference; lastKnownFileType = image.png; path = "STAAppStoreButtonHighlighted@2x.png"; sourceTree = "<group>"; };
		1F89CE9214C88EDA00D780A8 /* STACellBackground@2x.png */ = {isa = PBXFileReference; lastKnownFileType = image.png; path = "STACellBackground@2x.png"; sourceTree = "<group>"; };
		1F89CE9314C88EDA00D780A8 /* STACorkBackground@2x.png */ = {isa = PBXFileReference; lastKnownFileType = image.png; path = "STACorkBackground@2x.png"; sourceTree = "<group>"; };
		1F89CE9414C88EDA00D780A8 /* STAMenuButton@2x.png */ = {isa = PBXFileReference; lastKnownFileType = image.png; path = "STAMenuButton@2x.png"; sourceTree = "<group>"; };
		1F89CE9514C88EDA00D780A8 /* STAMenuButtonHighlighted@2x.png */ = {isa = PBXFileReference; lastKnownFileType = image.png; path = "STAMenuButtonHighlighted@2x.png"; sourceTree = "<group>"; };
		1F89CE9614C88EDA00D780A8 /* STANavigationBar@2x.png */ = {isa = PBXFileReference; lastKnownFileType = image.png; path = "STANavigationBar@2x.png"; sourceTree = "<group>"; };
		1F89CE9714C88EDA00D780A8 /* STANavigationBarShadow@2x.png */ = {isa = PBXFileReference; lastKnownFileType = image.png; path = "STANavigationBarShadow@2x.png"; sourceTree = "<group>"; };
		1F89CE9814C88EDA00D780A8 /* STAOptionsMenuButton@2x.png */ = {isa = PBXFileReference; lastKnownFileType = image.png; path = "STAOptionsMenuButton@2x.png"; sourceTree = "<group>"; };
		1F89CE9914C88EDA00D780A8 /* STAPin@2x.png */ = {isa = PBXFileReference; lastKnownFileType = image.png; path = "STAPin@2x.png"; sourceTree = "<group>"; };
		1F89CEA514C88EE600D780A8 /* STAAppStoreButtonDisabledHD.png */ = {isa = PBXFileReference; lastKnownFileType = image.png; path = STAAppStoreButtonDisabledHD.png; sourceTree = "<group>"; };
		1F89CEA614C88EE600D780A8 /* STAAppStoreButtonHD.png */ = {isa = PBXFileReference; lastKnownFileType = image.png; path = STAAppStoreButtonHD.png; sourceTree = "<group>"; };
		1F89CEA714C88EE600D780A8 /* STAAppStoreButtonHighlightedHD.png */ = {isa = PBXFileReference; lastKnownFileType = image.png; path = STAAppStoreButtonHighlightedHD.png; sourceTree = "<group>"; };
		1F89CEA814C88EE600D780A8 /* STACellBackgroundHD.png */ = {isa = PBXFileReference; lastKnownFileType = image.png; path = STACellBackgroundHD.png; sourceTree = "<group>"; };
		1F89CEA914C88EE600D780A8 /* STACorkBackgroundHD.png */ = {isa = PBXFileReference; lastKnownFileType = image.png; path = STACorkBackgroundHD.png; sourceTree = "<group>"; };
		1F89CEAA14C88EE600D780A8 /* STAMenuButtonHD.png */ = {isa = PBXFileReference; lastKnownFileType = image.png; path = STAMenuButtonHD.png; sourceTree = "<group>"; };
		1F89CEAB14C88EE600D780A8 /* STAMenuButtonHighlightedHD.png */ = {isa = PBXFileReference; lastKnownFileType = image.png; path = STAMenuButtonHighlightedHD.png; sourceTree = "<group>"; };
		1F89CEAC14C88EE600D780A8 /* STANavigationBarHD.png */ = {isa = PBXFileReference; lastKnownFileType = image.png; path = STANavigationBarHD.png; sourceTree = "<group>"; };
		1F89CEAD14C88EE600D780A8 /* STANavigationBarShadowHD.png */ = {isa = PBXFileReference; lastKnownFileType = image.png; path = STANavigationBarShadowHD.png; sourceTree = "<group>"; };
		1F89CEAE14C88EE600D780A8 /* STAOptionsMenuButtonHD.png */ = {isa = PBXFileReference; lastKnownFileType = image.png; path = STAOptionsMenuButtonHD.png; sourceTree = "<group>"; };
		1F89CEAF14C88EE600D780A8 /* STAPinHD.png */ = {isa = PBXFileReference; lastKnownFileType = image.png; path = STAPinHD.png; sourceTree = "<group>"; };
		1F89CEBB14C88EF800D780A8 /* Default.png */ = {isa = PBXFileReference; lastKnownFileType = image.png; name = Default.png; path = ../Default.png; sourceTree = "<group>"; };
		1F89CEBD14C88F0000D780A8 /* Default@2x.png */ = {isa = PBXFileReference; lastKnownFileType = image.png; name = "Default@2x.png"; path = "../Default@2x.png"; sourceTree = "<group>"; };
		1F89CEBF14C88F1A00D780A8 /* Default-Portrait~ipad.png */ = {isa = PBXFileReference; lastKnownFileType = image.png; name = "Default-Portrait~ipad.png"; path = "../Default-Portrait~ipad.png"; sourceTree = "<group>"; };
		1F89CEC314C896EE00D780A8 /* SeeTheAppMenuView.h */ = {isa = PBXFileReference; fileEncoding = 4; lastKnownFileType = sourcecode.c.h; path = SeeTheAppMenuView.h; sourceTree = "<group>"; };
		1F89CEC414C896EE00D780A8 /* SeeTheAppMenuView.m */ = {isa = PBXFileReference; fileEncoding = 4; lastKnownFileType = sourcecode.c.objc; path = SeeTheAppMenuView.m; sourceTree = "<group>"; };
		1FB2ECA514BCBA1C0046FBAD /* SeeTheAppOptionsViewController.h */ = {isa = PBXFileReference; fileEncoding = 4; lastKnownFileType = sourcecode.c.h; path = SeeTheAppOptionsViewController.h; sourceTree = "<group>"; };
		1FB2ECA614BCBA1C0046FBAD /* SeeTheAppOptionsViewController.m */ = {isa = PBXFileReference; fileEncoding = 4; lastKnownFileType = sourcecode.c.objc; path = SeeTheAppOptionsViewController.m; sourceTree = "<group>"; };
		1FC78F081436762300A6B80D /* libsqlite3.dylib */ = {isa = PBXFileReference; lastKnownFileType = "compiled.mach-o.dylib"; name = libsqlite3.dylib; path = usr/lib/libsqlite3.dylib; sourceTree = SDKROOT; };
		1FCEA81B143CDA99000E5E1D /* libz.dylib */ = {isa = PBXFileReference; lastKnownFileType = "compiled.mach-o.dylib"; name = libz.dylib; path = usr/lib/libz.dylib; sourceTree = SDKROOT; };
		1FCECEC51476E04700623C30 /* STAScreenshotImage.h */ = {isa = PBXFileReference; fileEncoding = 4; lastKnownFileType = sourcecode.c.h; name = STAScreenshotImage.h; path = ../STAScreenshotImage.h; sourceTree = "<group>"; };
		1FCECEC61476E04700623C30 /* STAScreenshotImage.m */ = {isa = PBXFileReference; fileEncoding = 4; lastKnownFileType = sourcecode.c.objc; name = STAScreenshotImage.m; path = ../STAScreenshotImage.m; sourceTree = "<group>"; };
		1FE6B091147ABB0D0063946C /* en */ = {isa = PBXFileReference; lastKnownFileType = text.plist.strings; name = en; path = en.lproj/Localizable.strings; sourceTree = "<group>"; };
		1FE6B093147ABB160063946C /* de */ = {isa = PBXFileReference; lastKnownFileType = text.plist.strings; name = de; path = de.lproj/Localizable.strings; sourceTree = "<group>"; };
		1FE6B094147ABB160063946C /* es */ = {isa = PBXFileReference; lastKnownFileType = text.plist.strings; name = es; path = es.lproj/Localizable.strings; sourceTree = "<group>"; };
		1FE6B095147ABB160063946C /* it */ = {isa = PBXFileReference; lastKnownFileType = text.plist.strings; name = it; path = it.lproj/Localizable.strings; sourceTree = "<group>"; };
		1FE6B096147ABB160063946C /* ja */ = {isa = PBXFileReference; lastKnownFileType = text.plist.strings; name = ja; path = ja.lproj/Localizable.strings; sourceTree = "<group>"; };
		1FE6B097147ABB160063946C /* pt */ = {isa = PBXFileReference; lastKnownFileType = text.plist.strings; name = pt; path = pt.lproj/Localizable.strings; sourceTree = "<group>"; };
		1FE6B098147ABB160063946C /* fr */ = {isa = PBXFileReference; lastKnownFileType = text.plist.strings; name = fr; path = fr.lproj/Localizable.strings; sourceTree = "<group>"; };
		1FE6B099147ABB160063946C /* nl */ = {isa = PBXFileReference; lastKnownFileType = text.plist.strings; name = nl; path = nl.lproj/Localizable.strings; sourceTree = "<group>"; };
		1FE6B09A147ABB160063946C /* sv */ = {isa = PBXFileReference; lastKnownFileType = text.plist.strings; name = sv; path = sv.lproj/Localizable.strings; sourceTree = "<group>"; };
		1FE6B09B147ABB160063946C /* fi */ = {isa = PBXFileReference; lastKnownFileType = text.plist.strings; name = fi; path = fi.lproj/Localizable.strings; sourceTree = "<group>"; };
		1FE6B09C147ABB160063946C /* ru */ = {isa = PBXFileReference; lastKnownFileType = text.plist.strings; name = ru; path = ru.lproj/Localizable.strings; sourceTree = "<group>"; };
		1FE6B09D147ABB160063946C /* da */ = {isa = PBXFileReference; lastKnownFileType = text.plist.strings; name = da; path = da.lproj/Localizable.strings; sourceTree = "<group>"; };
		1FE6B09E147ABB160063946C /* pl */ = {isa = PBXFileReference; lastKnownFileType = text.plist.strings; name = pl; path = pl.lproj/Localizable.strings; sourceTree = "<group>"; };
		1FE6B0A0147ABB160063946C /* nb */ = {isa = PBXFileReference; lastKnownFileType = text.plist.strings; name = nb; path = nb.lproj/Localizable.strings; sourceTree = "<group>"; };
		1FE6B0A1147ABB160063946C /* lt */ = {isa = PBXFileReference; lastKnownFileType = text.plist.strings; name = lt; path = lt.lproj/Localizable.strings; sourceTree = "<group>"; };
		1FE6B0A2147ABB160063946C /* el */ = {isa = PBXFileReference; lastKnownFileType = text.plist.strings; name = el; path = el.lproj/Localizable.strings; sourceTree = "<group>"; };
		1FE6B0A3147ABB160063946C /* bg */ = {isa = PBXFileReference; lastKnownFileType = text.plist.strings; name = bg; path = bg.lproj/Localizable.strings; sourceTree = "<group>"; };
		1FE6B0A4147ABB160063946C /* ko */ = {isa = PBXFileReference; lastKnownFileType = text.plist.strings; name = ko; path = ko.lproj/Localizable.strings; sourceTree = "<group>"; };
		1FE6B0A5147ABB160063946C /* cs */ = {isa = PBXFileReference; lastKnownFileType = text.plist.strings; name = cs; path = cs.lproj/Localizable.strings; sourceTree = "<group>"; };
		1FE6B0A6147ABB160063946C /* et */ = {isa = PBXFileReference; lastKnownFileType = text.plist.strings; name = et; path = et.lproj/Localizable.strings; sourceTree = "<group>"; };
		1FE6B0A7147ABB160063946C /* hu */ = {isa = PBXFileReference; lastKnownFileType = text.plist.strings; name = hu; path = hu.lproj/Localizable.strings; sourceTree = "<group>"; };
		1FE6B0A8147ABB170063946C /* sk */ = {isa = PBXFileReference; lastKnownFileType = text.plist.strings; name = sk; path = sk.lproj/Localizable.strings; sourceTree = "<group>"; };
		1FE6B0A9147ABB170063946C /* lv */ = {isa = PBXFileReference; lastKnownFileType = text.plist.strings; name = lv; path = lv.lproj/Localizable.strings; sourceTree = "<group>"; };
		1FE6B0AA147ABB170063946C /* ro */ = {isa = PBXFileReference; lastKnownFileType = text.plist.strings; name = ro; path = ro.lproj/Localizable.strings; sourceTree = "<group>"; };
		1FE6B0AB147ABB170063946C /* sl */ = {isa = PBXFileReference; lastKnownFileType = text.plist.strings; name = sl; path = sl.lproj/Localizable.strings; sourceTree = "<group>"; };
		1FEF9222143F5DF30086C92E /* LocalyticsDatabase.h */ = {isa = PBXFileReference; fileEncoding = 4; lastKnownFileType = sourcecode.c.h; path = LocalyticsDatabase.h; sourceTree = "<group>"; };
		1FEF9223143F5DF30086C92E /* LocalyticsDatabase.m */ = {isa = PBXFileReference; fileEncoding = 4; lastKnownFileType = sourcecode.c.objc; path = LocalyticsDatabase.m; sourceTree = "<group>"; };
		1FEF9224143F5DF30086C92E /* LocalyticsSession.h */ = {isa = PBXFileReference; fileEncoding = 4; lastKnownFileType = sourcecode.c.h; path = LocalyticsSession.h; sourceTree = "<group>"; };
		1FEF9225143F5DF30086C92E /* LocalyticsSession.m */ = {isa = PBXFileReference; fileEncoding = 4; lastKnownFileType = sourcecode.c.objc; path = LocalyticsSession.m; sourceTree = "<group>"; };
		1FEF9226143F5DF30086C92E /* UploaderThread.h */ = {isa = PBXFileReference; fileEncoding = 4; lastKnownFileType = sourcecode.c.h; path = UploaderThread.h; sourceTree = "<group>"; };
		1FEF9227143F5DF30086C92E /* UploaderThread.m */ = {isa = PBXFileReference; fileEncoding = 4; lastKnownFileType = sourcecode.c.objc; path = UploaderThread.m; sourceTree = "<group>"; };
		1FEF9228143F5DF30086C92E /* WebserviceConstants.h */ = {isa = PBXFileReference; fileEncoding = 4; lastKnownFileType = sourcecode.c.h; path = WebserviceConstants.h; sourceTree = "<group>"; };
		1FF7033C1416805D00F99082 /* SeeTheApp.app */ = {isa = PBXFileReference; explicitFileType = wrapper.application; includeInIndex = 0; path = SeeTheApp.app; sourceTree = BUILT_PRODUCTS_DIR; };
		1FF703401416805D00F99082 /* UIKit.framework */ = {isa = PBXFileReference; lastKnownFileType = wrapper.framework; name = UIKit.framework; path = System/Library/Frameworks/UIKit.framework; sourceTree = SDKROOT; };
		1FF703421416805D00F99082 /* Foundation.framework */ = {isa = PBXFileReference; lastKnownFileType = wrapper.framework; name = Foundation.framework; path = System/Library/Frameworks/Foundation.framework; sourceTree = SDKROOT; };
		1FF703441416805D00F99082 /* CoreGraphics.framework */ = {isa = PBXFileReference; lastKnownFileType = wrapper.framework; name = CoreGraphics.framework; path = System/Library/Frameworks/CoreGraphics.framework; sourceTree = SDKROOT; };
		1FF703461416805D00F99082 /* CoreData.framework */ = {isa = PBXFileReference; lastKnownFileType = wrapper.framework; name = CoreData.framework; path = System/Library/Frameworks/CoreData.framework; sourceTree = SDKROOT; };
		1FF7034A1416805D00F99082 /* SeeTheApp-Info.plist */ = {isa = PBXFileReference; lastKnownFileType = text.plist.xml; path = "SeeTheApp-Info.plist"; sourceTree = "<group>"; };
		1FF7034C1416805D00F99082 /* en */ = {isa = PBXFileReference; lastKnownFileType = text.plist.strings; name = en; path = en.lproj/InfoPlist.strings; sourceTree = "<group>"; };
		1FF7034E1416805D00F99082 /* SeeTheApp-Prefix.pch */ = {isa = PBXFileReference; lastKnownFileType = sourcecode.c.h; path = "SeeTheApp-Prefix.pch"; sourceTree = "<group>"; };
		1FF7034F1416805D00F99082 /* main.m */ = {isa = PBXFileReference; lastKnownFileType = sourcecode.c.objc; path = main.m; sourceTree = "<group>"; };
		1FF703511416805D00F99082 /* SeeTheAppAppDelegate.h */ = {isa = PBXFileReference; lastKnownFileType = sourcecode.c.h; path = SeeTheAppAppDelegate.h; sourceTree = "<group>"; };
		1FF703521416805D00F99082 /* SeeTheAppAppDelegate.m */ = {isa = PBXFileReference; lastKnownFileType = sourcecode.c.objc; path = SeeTheAppAppDelegate.m; sourceTree = "<group>"; };
		1FF703551416805D00F99082 /* SeeTheApp.xcdatamodel */ = {isa = PBXFileReference; lastKnownFileType = wrapper.xcdatamodel; path = SeeTheApp.xcdatamodel; sourceTree = "<group>"; };
		1FF703581416805D00F99082 /* SeeTheAppAppDelegate_iPhone.h */ = {isa = PBXFileReference; lastKnownFileType = sourcecode.c.h; name = SeeTheAppAppDelegate_iPhone.h; path = iPhone/SeeTheAppAppDelegate_iPhone.h; sourceTree = "<group>"; };
		1FF703591416805D00F99082 /* SeeTheAppAppDelegate_iPhone.m */ = {isa = PBXFileReference; lastKnownFileType = sourcecode.c.objc; name = SeeTheAppAppDelegate_iPhone.m; path = iPhone/SeeTheAppAppDelegate_iPhone.m; sourceTree = "<group>"; };
		1FF7035C1416805E00F99082 /* en */ = {isa = PBXFileReference; lastKnownFileType = file.xib; name = en; path = iPhone/en.lproj/MainWindow_iPhone.xib; sourceTree = "<group>"; };
		1FF7035F1416805E00F99082 /* SeeTheAppAppDelegate_iPad.h */ = {isa = PBXFileReference; lastKnownFileType = sourcecode.c.h; name = SeeTheAppAppDelegate_iPad.h; path = iPad/SeeTheAppAppDelegate_iPad.h; sourceTree = "<group>"; };
		1FF703601416805E00F99082 /* SeeTheAppAppDelegate_iPad.m */ = {isa = PBXFileReference; lastKnownFileType = sourcecode.c.objc; name = SeeTheAppAppDelegate_iPad.m; path = iPad/SeeTheAppAppDelegate_iPad.m; sourceTree = "<group>"; };
		1FF703631416805E00F99082 /* en */ = {isa = PBXFileReference; lastKnownFileType = file.xib; name = en; path = iPad/en.lproj/MainWindow_iPad.xib; sourceTree = "<group>"; };
		1FF8B77C14329FA8007A9EB6 /* SeaquationsScreenshot.png */ = {isa = PBXFileReference; lastKnownFileType = image.png; path = SeaquationsScreenshot.png; sourceTree = "<group>"; };
		1FF8B77D14329FA8007A9EB6 /* SeaquationsScreenshotHD.png */ = {isa = PBXFileReference; lastKnownFileType = image.png; path = SeaquationsScreenshotHD.png; sourceTree = "<group>"; };
/* End PBXFileReference section */

/* Begin PBXFrameworksBuildPhase section */
		1FF703391416805D00F99082 /* Frameworks */ = {
			isa = PBXFrameworksBuildPhase;
			buildActionMask = 2147483647;
			files = (
				1F43D53814BE5A5E0019EAA4 /* MessageUI.framework in Frameworks */,
				1FCEA81C143CDA99000E5E1D /* libz.dylib in Frameworks */,
				1FC78F091436762300A6B80D /* libsqlite3.dylib in Frameworks */,
				1F29C0D81435244A0042A9D8 /* SystemConfiguration.framework in Frameworks */,
				1FF703411416805D00F99082 /* UIKit.framework in Frameworks */,
				1FF703431416805D00F99082 /* Foundation.framework in Frameworks */,
				1FF703451416805D00F99082 /* CoreGraphics.framework in Frameworks */,
				1FF703471416805D00F99082 /* CoreData.framework in Frameworks */,
			);
			runOnlyForDeploymentPostprocessing = 0;
		};
/* End PBXFrameworksBuildPhase section */

/* Begin PBXGroup section */
		1F150DC9149697CC00D6AF38 /* View Controllers */ = {
			isa = PBXGroup;
			children = (
				1F73550F143A266A00C4C6A4 /* SeeTheAppGalleryViewController.h */,
				1F735510143A266B00C4C6A4 /* SeeTheAppGalleryViewController.m */,
				1F150DC6149697C100D6AF38 /* SeeTheAppMainMenuViewController.h */,
				1F150DC7149697C100D6AF38 /* SeeTheAppMainMenuViewController.m */,
				1F150DD21496C62500D6AF38 /* SeeTheAppCategoriesMenuViewController.h */,
				1F150DD31496C62500D6AF38 /* SeeTheAppCategoriesMenuViewController.m */,
				1F150DD51496C66600D6AF38 /* SeeTheAppGamesSubcategoriesMenuViewController.h */,
				1F150DD61496C66600D6AF38 /* SeeTheAppGamesSubcategoriesMenuViewController.m */,
				1FB2ECA514BCBA1C0046FBAD /* SeeTheAppOptionsViewController.h */,
				1FB2ECA614BCBA1C0046FBAD /* SeeTheAppOptionsViewController.m */,
				1F43D53914BE62AB0019EAA4 /* SeeTheAppAppStoreSelectViewController.h */,
				1F43D53A14BE62AC0019EAA4 /* SeeTheAppAppStoreSelectViewController.m */,
			);
			name = "View Controllers";
			sourceTree = "<group>";
		};
		1F29C0D3143523C50042A9D8 /* Reachability */ = {
			isa = PBXGroup;
			children = (
				1F29C0D41435241A0042A9D8 /* Reachability.h */,
				1F29C0D51435241A0042A9D8 /* Reachability.m */,
			);
			name = Reachability;
			sourceTree = "<group>";
		};
		1F358245141AC7CE002D50C3 /* GVGalleryView */ = {
			isa = PBXGroup;
			children = (
				1F358242141AC6A8002D50C3 /* GVGalleryView.h */,
				1F358243141AC6A9002D50C3 /* GVGalleryView.m */,
				1F358246141AC7F2002D50C3 /* GVGalleryViewCell.h */,
				1F358247141AC7F2002D50C3 /* GVGalleryViewCell.m */,
			);
			name = GVGalleryView;
			sourceTree = "<group>";
		};
		1F4028BC149ACC4C003A1EE8 /* STASearchBar */ = {
			isa = PBXGroup;
			children = (
				1F4028B8149A6FCE003A1EE8 /* STASearchBar.h */,
				1F4028B9149A6FCE003A1EE8 /* STASearchBar.m */,
			);
			name = STASearchBar;
			sourceTree = "<group>";
		};
		1F836B2814C9011B001CB129 /* AppStoreButton */ = {
			isa = PBXGroup;
			children = (
				1F836B2A14C90158001CB129 /* STAAppStoreButton.h */,
				1F836B2B14C90158001CB129 /* STAAppStoreButton.m */,
			);
			name = AppStoreButton;
			sourceTree = "<group>";
		};
		1F89CE7714C88D3500D780A8 /* Icons */ = {
			isa = PBXGroup;
			children = (
				1F735520143A96AF00C4C6A4 /* Icon.png */,
				1F735522143A96B800C4C6A4 /* Icon@2x.png */,
				1F735524143A96CB00C4C6A4 /* IconHD.png */,
			);
			name = Icons;
			sourceTree = "<group>";
		};
		1F89CE7814C88D5800D780A8 /* HD@2x */ = {
			isa = PBXGroup;
			children = (
			);
			name = "HD@2x";
			sourceTree = "<group>";
		};
		1F89CEC114C88F2400D780A8 /* Defaults */ = {
			isa = PBXGroup;
			children = (
				1F89CEBF14C88F1A00D780A8 /* Default-Portrait~ipad.png */,
				1F89CEBD14C88F0000D780A8 /* Default@2x.png */,
				1F89CEBB14C88EF800D780A8 /* Default.png */,
			);
			name = Defaults;
			sourceTree = "<group>";
		};
		1F89CEC214C896A100D780A8 /* SeeTheAppMenuView */ = {
			isa = PBXGroup;
			children = (
				1F89CEC314C896EE00D780A8 /* SeeTheAppMenuView.h */,
				1F89CEC414C896EE00D780A8 /* SeeTheAppMenuView.m */,
			);
			name = SeeTheAppMenuView;
			sourceTree = "<group>";
		};
		1FC78EFC1436759500A6B80D /* Localytics */ = {
			isa = PBXGroup;
			children = (
				1FEF9222143F5DF30086C92E /* LocalyticsDatabase.h */,
				1FEF9223143F5DF30086C92E /* LocalyticsDatabase.m */,
				1FEF9224143F5DF30086C92E /* LocalyticsSession.h */,
				1FEF9225143F5DF30086C92E /* LocalyticsSession.m */,
				1FEF9226143F5DF30086C92E /* UploaderThread.h */,
				1FEF9227143F5DF30086C92E /* UploaderThread.m */,
				1FEF9228143F5DF30086C92E /* WebserviceConstants.h */,
			);
			name = Localytics;
			sourceTree = "<group>";
		};
		1FCECEC41476DF7100623C30 /* STAScreenshotImage */ = {
			isa = PBXGroup;
			children = (
				1FCECEC51476E04700623C30 /* STAScreenshotImage.h */,
				1FCECEC61476E04700623C30 /* STAScreenshotImage.m */,
			);
			name = STAScreenshotImage;
			sourceTree = "<group>";
		};
		1FD3432B14180BA4002EA48D /* Graphics */ = {
			isa = PBXGroup;
			children = (
				1F89CEC114C88F2400D780A8 /* Defaults */,
				1F89CE7714C88D3500D780A8 /* Icons */,
				1FD3433F14180CCB002EA48D /* Standard */,
				1FD3432D14180CCB002EA48D /* @2x */,
				1FD3433314180CCB002EA48D /* HD */,
				1F89CE7814C88D5800D780A8 /* HD@2x */,
				1FF8B77B14329F0B007A9EB6 /* SeaquationsScreenshots */,
			);
			name = Graphics;
			sourceTree = "<group>";
		};
		1FD3432D14180CCB002EA48D /* @2x */ = {
			isa = PBXGroup;
			children = (
				1F89CE8F14C88EDA00D780A8 /* STAAppStoreButton@2x.png */,
				1F89CE9014C88EDA00D780A8 /* STAAppStoreButtonDisabled@2x.png */,
				1F89CE9114C88EDA00D780A8 /* STAAppStoreButtonHighlighted@2x.png */,
				1F89CE9214C88EDA00D780A8 /* STACellBackground@2x.png */,
				1F89CE9314C88EDA00D780A8 /* STACorkBackground@2x.png */,
				1F89CE9414C88EDA00D780A8 /* STAMenuButton@2x.png */,
				1F89CE9514C88EDA00D780A8 /* STAMenuButtonHighlighted@2x.png */,
				1F89CE9614C88EDA00D780A8 /* STANavigationBar@2x.png */,
				1F89CE9714C88EDA00D780A8 /* STANavigationBarShadow@2x.png */,
				1F89CE9814C88EDA00D780A8 /* STAOptionsMenuButton@2x.png */,
				1F89CE9914C88EDA00D780A8 /* STAPin@2x.png */,
			);
			path = "@2x";
			sourceTree = "<group>";
		};
		1FD3433314180CCB002EA48D /* HD */ = {
			isa = PBXGroup;
			children = (
				1F89CEA514C88EE600D780A8 /* STAAppStoreButtonDisabledHD.png */,
				1F89CEA614C88EE600D780A8 /* STAAppStoreButtonHD.png */,
				1F89CEA714C88EE600D780A8 /* STAAppStoreButtonHighlightedHD.png */,
				1F89CEA814C88EE600D780A8 /* STACellBackgroundHD.png */,
				1F89CEA914C88EE600D780A8 /* STACorkBackgroundHD.png */,
				1F89CEAA14C88EE600D780A8 /* STAMenuButtonHD.png */,
				1F89CEAB14C88EE600D780A8 /* STAMenuButtonHighlightedHD.png */,
				1F89CEAC14C88EE600D780A8 /* STANavigationBarHD.png */,
				1F89CEAD14C88EE600D780A8 /* STANavigationBarShadowHD.png */,
				1F89CEAE14C88EE600D780A8 /* STAOptionsMenuButtonHD.png */,
				1F89CEAF14C88EE600D780A8 /* STAPinHD.png */,
			);
			path = HD;
			sourceTree = "<group>";
		};
		1FD3433F14180CCB002EA48D /* Standard */ = {
			isa = PBXGroup;
			children = (
				1F89CE7914C88ECC00D780A8 /* STAAppStoreButton.png */,
				1F89CE7A14C88ECC00D780A8 /* STAAppStoreButtonDisabled.png */,
				1F89CE7B14C88ECC00D780A8 /* STAAppStoreButtonHighlighted.png */,
				1F89CE7C14C88ECC00D780A8 /* STACellBackground.png */,
				1F89CE7D14C88ECC00D780A8 /* STACorkBackground.png */,
				1F89CE7E14C88ECC00D780A8 /* STAMenuButton.png */,
				1F89CE7F14C88ECC00D780A8 /* STAMenuButtonHighlighted.png */,
				1F89CE8014C88ECC00D780A8 /* STANavigationBar.png */,
				1F89CE8114C88ECC00D780A8 /* STANavigationBarShadow.png */,
				1F89CE8214C88ECC00D780A8 /* STAOptionsMenuButton.png */,
				1F89CE8314C88ECC00D780A8 /* STAPin.png */,
			);
			path = Standard;
			sourceTree = "<group>";
		};
		1FE850E5141F076B0078457C /* SBJSON */ = {
			isa = PBXGroup;
			children = (
				1F42A3A214B9F185008A1894 /* NSObject+SBJson.h */,
				1F42A3A314B9F185008A1894 /* NSObject+SBJson.m */,
				1F42A3A414B9F185008A1894 /* SBJson.h */,
				1F42A3A514B9F185008A1894 /* SBJsonParser.h */,
				1F42A3A614B9F185008A1894 /* SBJsonParser.m */,
				1F42A3A714B9F185008A1894 /* SBJsonStreamParser.h */,
				1F42A3A814B9F185008A1894 /* SBJsonStreamParser.m */,
				1F42A3A914B9F185008A1894 /* SBJsonStreamParserAccumulator.h */,
				1F42A3AA14B9F185008A1894 /* SBJsonStreamParserAccumulator.m */,
				1F42A3AB14B9F185008A1894 /* SBJsonStreamParserAdapter.h */,
				1F42A3AC14B9F185008A1894 /* SBJsonStreamParserAdapter.m */,
				1F42A3AD14B9F185008A1894 /* SBJsonStreamParserState.h */,
				1F42A3AE14B9F185008A1894 /* SBJsonStreamParserState.m */,
				1F42A3AF14B9F185008A1894 /* SBJsonStreamWriter.h */,
				1F42A3B014B9F185008A1894 /* SBJsonStreamWriter.m */,
				1F42A3B114B9F185008A1894 /* SBJsonStreamWriterAccumulator.h */,
				1F42A3B214B9F185008A1894 /* SBJsonStreamWriterAccumulator.m */,
				1F42A3B314B9F185008A1894 /* SBJsonStreamWriterState.h */,
				1F42A3B414B9F185008A1894 /* SBJsonStreamWriterState.m */,
				1F42A3B514B9F185008A1894 /* SBJsonTokeniser.h */,
				1F42A3B614B9F185008A1894 /* SBJsonTokeniser.m */,
				1F42A3B714B9F185008A1894 /* SBJsonUTF8Stream.h */,
				1F42A3B814B9F185008A1894 /* SBJsonUTF8Stream.m */,
				1F42A3B914B9F185008A1894 /* SBJsonWriter.h */,
				1F42A3BA14B9F185008A1894 /* SBJsonWriter.m */,
			);
			name = SBJSON;
			sourceTree = "<group>";
		};
		1FF703311416805C00F99082 = {
			isa = PBXGroup;
			children = (
				1FF703481416805D00F99082 /* SeeTheApp */,
				1FF7033F1416805D00F99082 /* Frameworks */,
				1FF7033D1416805D00F99082 /* Products */,
			);
			sourceTree = "<group>";
		};
		1FF7033D1416805D00F99082 /* Products */ = {
			isa = PBXGroup;
			children = (
				1FF7033C1416805D00F99082 /* SeeTheApp.app */,
			);
			name = Products;
			sourceTree = "<group>";
		};
		1FF7033F1416805D00F99082 /* Frameworks */ = {
			isa = PBXGroup;
			children = (
				1FCEA81B143CDA99000E5E1D /* libz.dylib */,
				1FC78F081436762300A6B80D /* libsqlite3.dylib */,
				1F43D53714BE5A5E0019EAA4 /* MessageUI.framework */,
				1F29C0D71435244A0042A9D8 /* SystemConfiguration.framework */,
				1FF703401416805D00F99082 /* UIKit.framework */,
				1FF703421416805D00F99082 /* Foundation.framework */,
				1FF703441416805D00F99082 /* CoreGraphics.framework */,
				1FF703461416805D00F99082 /* CoreData.framework */,
			);
			name = Frameworks;
			sourceTree = "<group>";
		};
		1FF703481416805D00F99082 /* SeeTheApp */ = {
			isa = PBXGroup;
			children = (
				1FF703511416805D00F99082 /* SeeTheAppAppDelegate.h */,
				1FF703521416805D00F99082 /* SeeTheAppAppDelegate.m */,
				1FF703541416805D00F99082 /* SeeTheApp.xcdatamodeld */,
				1F150DC9149697CC00D6AF38 /* View Controllers */,
				1F89CEC214C896A100D780A8 /* SeeTheAppMenuView */,
				1F836B2814C9011B001CB129 /* AppStoreButton */,
				1FF703571416805D00F99082 /* iPhone */,
				1FF7035E1416805E00F99082 /* iPad */,
				1F358245141AC7CE002D50C3 /* GVGalleryView */,
				1FCECEC41476DF7100623C30 /* STAScreenshotImage */,
				1F4028BC149ACC4C003A1EE8 /* STASearchBar */,
				1F29C0D3143523C50042A9D8 /* Reachability */,
				1FC78EFC1436759500A6B80D /* Localytics */,
				1FE850E5141F076B0078457C /* SBJSON */,
				1FD3432B14180BA4002EA48D /* Graphics */,
				1FF703491416805D00F99082 /* Supporting Files */,
			);
			path = SeeTheApp;
			sourceTree = "<group>";
		};
		1FF703491416805D00F99082 /* Supporting Files */ = {
			isa = PBXGroup;
			children = (
				1FF7034A1416805D00F99082 /* SeeTheApp-Info.plist */,
				1FE6B092147ABB0D0063946C /* Localizable.strings */,
				1F61366014718F4900E9A795 /* Settings.bundle */,
				1FF7034B1416805D00F99082 /* InfoPlist.strings */,
				1FF7034E1416805D00F99082 /* SeeTheApp-Prefix.pch */,
				1FF7034F1416805D00F99082 /* main.m */,
			);
			name = "Supporting Files";
			sourceTree = "<group>";
		};
		1FF703571416805D00F99082 /* iPhone */ = {
			isa = PBXGroup;
			children = (
				1FF703581416805D00F99082 /* SeeTheAppAppDelegate_iPhone.h */,
				1FF703591416805D00F99082 /* SeeTheAppAppDelegate_iPhone.m */,
				1FF7035B1416805E00F99082 /* MainWindow_iPhone.xib */,
			);
			name = iPhone;
			sourceTree = "<group>";
		};
		1FF7035E1416805E00F99082 /* iPad */ = {
			isa = PBXGroup;
			children = (
				1FF7035F1416805E00F99082 /* SeeTheAppAppDelegate_iPad.h */,
				1FF703601416805E00F99082 /* SeeTheAppAppDelegate_iPad.m */,
				1FF703621416805E00F99082 /* MainWindow_iPad.xib */,
			);
			name = iPad;
			sourceTree = "<group>";
		};
		1FF8B77B14329F0B007A9EB6 /* SeaquationsScreenshots */ = {
			isa = PBXGroup;
			children = (
				1FF8B77C14329FA8007A9EB6 /* SeaquationsScreenshot.png */,
				1FF8B77D14329FA8007A9EB6 /* SeaquationsScreenshotHD.png */,
			);
			name = SeaquationsScreenshots;
			sourceTree = "<group>";
		};
/* End PBXGroup section */

/* Begin PBXNativeTarget section */
		1FF7033B1416805D00F99082 /* SeeTheApp */ = {
			isa = PBXNativeTarget;
			buildConfigurationList = 1FF703671416805E00F99082 /* Build configuration list for PBXNativeTarget "SeeTheApp" */;
			buildPhases = (
				1FF703381416805D00F99082 /* Sources */,
				1FF703391416805D00F99082 /* Frameworks */,
				1FF7033A1416805D00F99082 /* Resources */,
			);
			buildRules = (
			);
			dependencies = (
			);
			name = SeeTheApp;
			productName = SeeTheApp;
			productReference = 1FF7033C1416805D00F99082 /* SeeTheApp.app */;
			productType = "com.apple.product-type.application";
		};
/* End PBXNativeTarget section */

/* Begin PBXProject section */
		1FF703331416805C00F99082 /* Project object */ = {
			isa = PBXProject;
			attributes = {
				LastUpgradeCheck = 0420;
			};
			buildConfigurationList = 1FF703361416805C00F99082 /* Build configuration list for PBXProject "SeeTheApp" */;
			compatibilityVersion = "Xcode 3.2";
			developmentRegion = English;
			hasScannedForEncodings = 0;
			knownRegions = (
				en,
				ja,
				de,
				fr,
				es,
				it,
				pt,
				nl,
				sv,
				da,
				fi,
				ru,
				pl,
				zh,
				nb,
				el,
				lt,
				ko,
				bg,
				cs,
				et,
				hu,
				lv,
				ro,
				sk,
				sl,
				"zh-Hans",
			);
			mainGroup = 1FF703311416805C00F99082;
			productRefGroup = 1FF7033D1416805D00F99082 /* Products */;
			projectDirPath = "";
			projectRoot = "";
			targets = (
				1FF7033B1416805D00F99082 /* SeeTheApp */,
			);
		};
/* End PBXProject section */

/* Begin PBXResourcesBuildPhase section */
		1FF7033A1416805D00F99082 /* Resources */ = {
			isa = PBXResourcesBuildPhase;
			buildActionMask = 2147483647;
			files = (
				1FF7034D1416805D00F99082 /* InfoPlist.strings in Resources */,
				1FF7035D1416805E00F99082 /* MainWindow_iPhone.xib in Resources */,
				1FF703641416805E00F99082 /* MainWindow_iPad.xib in Resources */,
				1FF8B77E14329FA8007A9EB6 /* SeaquationsScreenshot.png in Resources */,
				1FF8B77F14329FA8007A9EB6 /* SeaquationsScreenshotHD.png in Resources */,
				1F735521143A96AF00C4C6A4 /* Icon.png in Resources */,
				1F735523143A96B800C4C6A4 /* Icon@2x.png in Resources */,
				1F735525143A96CB00C4C6A4 /* IconHD.png in Resources */,
				1F61366114718F4900E9A795 /* Settings.bundle in Resources */,
				1FE6B090147ABB0D0063946C /* Localizable.strings in Resources */,
				1F89CE8414C88ECC00D780A8 /* STAAppStoreButton.png in Resources */,
				1F89CE8514C88ECC00D780A8 /* STAAppStoreButtonDisabled.png in Resources */,
				1F89CE8614C88ECC00D780A8 /* STAAppStoreButtonHighlighted.png in Resources */,
				1F89CE8714C88ECC00D780A8 /* STACellBackground.png in Resources */,
				1F89CE8814C88ECC00D780A8 /* STACorkBackground.png in Resources */,
				1F89CE8914C88ECC00D780A8 /* STAMenuButton.png in Resources */,
				1F89CE8A14C88ECC00D780A8 /* STAMenuButtonHighlighted.png in Resources */,
				1F89CE8B14C88ECC00D780A8 /* STANavigationBar.png in Resources */,
				1F89CE8C14C88ECC00D780A8 /* STANavigationBarShadow.png in Resources */,
				1F89CE8D14C88ECC00D780A8 /* STAOptionsMenuButton.png in Resources */,
				1F89CE8E14C88ECC00D780A8 /* STAPin.png in Resources */,
				1F89CE9A14C88EDA00D780A8 /* STAAppStoreButton@2x.png in Resources */,
				1F89CE9B14C88EDA00D780A8 /* STAAppStoreButtonDisabled@2x.png in Resources */,
				1F89CE9C14C88EDA00D780A8 /* STAAppStoreButtonHighlighted@2x.png in Resources */,
				1F89CE9D14C88EDA00D780A8 /* STACellBackground@2x.png in Resources */,
				1F89CE9E14C88EDA00D780A8 /* STACorkBackground@2x.png in Resources */,
				1F89CE9F14C88EDA00D780A8 /* STAMenuButton@2x.png in Resources */,
				1F89CEA014C88EDA00D780A8 /* STAMenuButtonHighlighted@2x.png in Resources */,
				1F89CEA114C88EDA00D780A8 /* STANavigationBar@2x.png in Resources */,
				1F89CEA214C88EDA00D780A8 /* STANavigationBarShadow@2x.png in Resources */,
				1F89CEA314C88EDA00D780A8 /* STAOptionsMenuButton@2x.png in Resources */,
				1F89CEA414C88EDA00D780A8 /* STAPin@2x.png in Resources */,
				1F89CEB014C88EE600D780A8 /* STAAppStoreButtonDisabledHD.png in Resources */,
				1F89CEB114C88EE600D780A8 /* STAAppStoreButtonHD.png in Resources */,
				1F89CEB214C88EE600D780A8 /* STAAppStoreButtonHighlightedHD.png in Resources */,
				1F89CEB314C88EE600D780A8 /* STACellBackgroundHD.png in Resources */,
				1F89CEB414C88EE600D780A8 /* STACorkBackgroundHD.png in Resources */,
				1F89CEB514C88EE600D780A8 /* STAMenuButtonHD.png in Resources */,
				1F89CEB614C88EE600D780A8 /* STAMenuButtonHighlightedHD.png in Resources */,
				1F89CEB714C88EE600D780A8 /* STANavigationBarHD.png in Resources */,
				1F89CEB814C88EE600D780A8 /* STANavigationBarShadowHD.png in Resources */,
				1F89CEB914C88EE600D780A8 /* STAOptionsMenuButtonHD.png in Resources */,
				1F89CEBA14C88EE600D780A8 /* STAPinHD.png in Resources */,
				1F89CEBC14C88EF800D780A8 /* Default.png in Resources */,
				1F89CEBE14C88F0000D780A8 /* Default@2x.png in Resources */,
				1F89CEC014C88F1A00D780A8 /* Default-Portrait~ipad.png in Resources */,
			);
			runOnlyForDeploymentPostprocessing = 0;
		};
/* End PBXResourcesBuildPhase section */

/* Begin PBXSourcesBuildPhase section */
		1FF703381416805D00F99082 /* Sources */ = {
			isa = PBXSourcesBuildPhase;
			buildActionMask = 2147483647;
			files = (
				1FF703501416805D00F99082 /* main.m in Sources */,
				1FF703531416805D00F99082 /* SeeTheAppAppDelegate.m in Sources */,
				1FF703561416805D00F99082 /* SeeTheApp.xcdatamodeld in Sources */,
				1FF7035A1416805D00F99082 /* SeeTheAppAppDelegate_iPhone.m in Sources */,
				1FF703611416805E00F99082 /* SeeTheAppAppDelegate_iPad.m in Sources */,
				1F358244141AC6A9002D50C3 /* GVGalleryView.m in Sources */,
				1F358248141AC7F2002D50C3 /* GVGalleryViewCell.m in Sources */,
				1F29C0D61435241A0042A9D8 /* Reachability.m in Sources */,
				1F735511143A266B00C4C6A4 /* SeeTheAppGalleryViewController.m in Sources */,
				1FEF9229143F5DF30086C92E /* LocalyticsDatabase.m in Sources */,
				1FEF922A143F5DF30086C92E /* LocalyticsSession.m in Sources */,
				1FEF922B143F5DF30086C92E /* UploaderThread.m in Sources */,
				1FCECEC71476E04700623C30 /* STAScreenshotImage.m in Sources */,
				1F150DC8149697C100D6AF38 /* SeeTheAppMainMenuViewController.m in Sources */,
				1F150DD41496C62500D6AF38 /* SeeTheAppCategoriesMenuViewController.m in Sources */,
				1F150DD71496C66700D6AF38 /* SeeTheAppGamesSubcategoriesMenuViewController.m in Sources */,
				1F4028BA149A6FCE003A1EE8 /* STASearchBar.m in Sources */,
				1F42A3BB14B9F185008A1894 /* NSObject+SBJson.m in Sources */,
				1F42A3BC14B9F185008A1894 /* SBJsonParser.m in Sources */,
				1F42A3BD14B9F185008A1894 /* SBJsonStreamParser.m in Sources */,
				1F42A3BE14B9F185008A1894 /* SBJsonStreamParserAccumulator.m in Sources */,
				1F42A3BF14B9F185008A1894 /* SBJsonStreamParserAdapter.m in Sources */,
				1F42A3C014B9F185008A1894 /* SBJsonStreamParserState.m in Sources */,
				1F42A3C114B9F185008A1894 /* SBJsonStreamWriter.m in Sources */,
				1F42A3C214B9F185008A1894 /* SBJsonStreamWriterAccumulator.m in Sources */,
				1F42A3C314B9F185008A1894 /* SBJsonStreamWriterState.m in Sources */,
				1F42A3C414B9F185008A1894 /* SBJsonTokeniser.m in Sources */,
				1F42A3C514B9F185008A1894 /* SBJsonUTF8Stream.m in Sources */,
				1F42A3C614B9F185008A1894 /* SBJsonWriter.m in Sources */,
				1FB2ECA714BCBA1C0046FBAD /* SeeTheAppOptionsViewController.m in Sources */,
				1F43D53B14BE62AC0019EAA4 /* SeeTheAppAppStoreSelectViewController.m in Sources */,
				1F89CEC514C896EE00D780A8 /* SeeTheAppMenuView.m in Sources */,
				1F836B2C14C90158001CB129 /* STAAppStoreButton.m in Sources */,
			);
			runOnlyForDeploymentPostprocessing = 0;
		};
/* End PBXSourcesBuildPhase section */

/* Begin PBXVariantGroup section */
		1FE6B092147ABB0D0063946C /* Localizable.strings */ = {
			isa = PBXVariantGroup;
			children = (
				1FE6B091147ABB0D0063946C /* en */,
				1FE6B093147ABB160063946C /* de */,
				1FE6B094147ABB160063946C /* es */,
				1FE6B095147ABB160063946C /* it */,
				1FE6B096147ABB160063946C /* ja */,
				1FE6B097147ABB160063946C /* pt */,
				1FE6B098147ABB160063946C /* fr */,
				1FE6B099147ABB160063946C /* nl */,
				1FE6B09A147ABB160063946C /* sv */,
				1FE6B09B147ABB160063946C /* fi */,
				1FE6B09C147ABB160063946C /* ru */,
				1FE6B09D147ABB160063946C /* da */,
				1FE6B09E147ABB160063946C /* pl */,
				1FE6B0A0147ABB160063946C /* nb */,
				1FE6B0A1147ABB160063946C /* lt */,
				1FE6B0A2147ABB160063946C /* el */,
				1FE6B0A3147ABB160063946C /* bg */,
				1FE6B0A4147ABB160063946C /* ko */,
				1FE6B0A5147ABB160063946C /* cs */,
				1FE6B0A6147ABB160063946C /* et */,
				1FE6B0A7147ABB160063946C /* hu */,
				1FE6B0A8147ABB170063946C /* sk */,
				1FE6B0A9147ABB170063946C /* lv */,
				1FE6B0AA147ABB170063946C /* ro */,
				1FE6B0AB147ABB170063946C /* sl */,
				1F3426CE14CBB6F100E7545C /* zh-Hans */,
			);
			name = Localizable.strings;
			sourceTree = "<group>";
		};
		1FF7034B1416805D00F99082 /* InfoPlist.strings */ = {
			isa = PBXVariantGroup;
			children = (
				1FF7034C1416805D00F99082 /* en */,
			);
			name = InfoPlist.strings;
			sourceTree = "<group>";
		};
		1FF7035B1416805E00F99082 /* MainWindow_iPhone.xib */ = {
			isa = PBXVariantGroup;
			children = (
				1FF7035C1416805E00F99082 /* en */,
			);
			name = MainWindow_iPhone.xib;
			sourceTree = "<group>";
		};
		1FF703621416805E00F99082 /* MainWindow_iPad.xib */ = {
			isa = PBXVariantGroup;
			children = (
				1FF703631416805E00F99082 /* en */,
			);
			name = MainWindow_iPad.xib;
			sourceTree = "<group>";
		};
/* End PBXVariantGroup section */

/* Begin XCBuildConfiguration section */
		1FF703651416805E00F99082 /* Debug */ = {
			isa = XCBuildConfiguration;
			buildSettings = {
				ARCHS = (
					armv6,
					armv7,
				);
				CODE_SIGN_IDENTITY = "iPhone Developer: Joe Bonniwell (MLB2F766F7)";
				"CODE_SIGN_IDENTITY[sdk=iphoneos*]" = "iPhone Developer: Joe Bonniwell (MLB2F766F7)";
				GCC_C_LANGUAGE_STANDARD = gnu99;
				GCC_OPTIMIZATION_LEVEL = 0;
				GCC_PREPROCESSOR_DEFINITIONS = DEBUG;
				GCC_SYMBOLS_PRIVATE_EXTERN = NO;
				GCC_VERSION = com.apple.compilers.llvmgcc42;
				GCC_WARN_ABOUT_RETURN_TYPE = YES;
				GCC_WARN_UNUSED_VARIABLE = YES;
				IPHONEOS_DEPLOYMENT_TARGET = 4.0;
				ONLY_ACTIVE_ARCH = NO;
				PROVISIONING_PROFILE = "D67F0788-ADA2-4277-B8FD-06BDF75A8D44";
				"PROVISIONING_PROFILE[sdk=iphoneos*]" = "D67F0788-ADA2-4277-B8FD-06BDF75A8D44";
				SDKROOT = iphoneos;
				TARGETED_DEVICE_FAMILY = "1,2";
			};
			name = Debug;
		};
		1FF703661416805E00F99082 /* Release */ = {
			isa = XCBuildConfiguration;
			buildSettings = {
				ARCHS = (
					armv6,
					armv7,
				);
				CODE_SIGN_IDENTITY = "iPhone Distribution: goVertex LLC";
				"CODE_SIGN_IDENTITY[sdk=iphoneos*]" = "iPhone Distribution: goVertex LLC";
				GCC_C_LANGUAGE_STANDARD = gnu99;
				GCC_VERSION = com.apple.compilers.llvmgcc42;
				GCC_WARN_ABOUT_RETURN_TYPE = YES;
				GCC_WARN_UNUSED_VARIABLE = YES;
				IPHONEOS_DEPLOYMENT_TARGET = 4.0;
				ONLY_ACTIVE_ARCH = NO;
				OTHER_CFLAGS = "-DNS_BLOCK_ASSERTIONS=1";
				PROVISIONING_PROFILE = "A1B2EC25-899F-423A-A282-158FB03A2268";
				"PROVISIONING_PROFILE[sdk=iphoneos*]" = "A1B2EC25-899F-423A-A282-158FB03A2268";
				SDKROOT = iphoneos;
				TARGETED_DEVICE_FAMILY = "1,2";
			};
			name = Release;
		};
		1FF703681416805E00F99082 /* Debug */ = {
			isa = XCBuildConfiguration;
			buildSettings = {
				ALWAYS_SEARCH_USER_PATHS = NO;
				ARCHS = (
					armv6,
					armv7,
				);
				CODE_SIGN_IDENTITY = "iPhone Developer: Joe Bonniwell (MLB2F766F7)";
				"CODE_SIGN_IDENTITY[sdk=iphoneos*]" = "iPhone Developer: Joe Bonniwell (MLB2F766F7)";
				COPY_PHASE_STRIP = NO;
				GCC_DYNAMIC_NO_PIC = NO;
				GCC_PRECOMPILE_PREFIX_HEADER = YES;
				GCC_PREFIX_HEADER = "SeeTheApp/SeeTheApp-Prefix.pch";
				GCC_VERSION = com.apple.compilers.llvm.clang.1_0;
				INFOPLIST_FILE = "SeeTheApp/SeeTheApp-Info.plist";
				IPHONEOS_DEPLOYMENT_TARGET = 4.0;
				PRODUCT_NAME = "$(TARGET_NAME)";
				PROVISIONING_PROFILE = "D67F0788-ADA2-4277-B8FD-06BDF75A8D44";
				WRAPPER_EXTENSION = app;
			};
			name = Debug;
		};
		1FF703691416805E00F99082 /* Release */ = {
			isa = XCBuildConfiguration;
			buildSettings = {
				ALWAYS_SEARCH_USER_PATHS = NO;
				ARCHS = (
					armv6,
					armv7,
				);
				CODE_SIGN_IDENTITY = "iPhone Distribution: goVertex LLC";
				"CODE_SIGN_IDENTITY[sdk=iphoneos*]" = "iPhone Distribution";
				COPY_PHASE_STRIP = YES;
				GCC_PRECOMPILE_PREFIX_HEADER = YES;
				GCC_PREFIX_HEADER = "SeeTheApp/SeeTheApp-Prefix.pch";
				GCC_VERSION = com.apple.compilers.llvm.clang.1_0;
				INFOPLIST_FILE = "SeeTheApp/SeeTheApp-Info.plist";
				IPHONEOS_DEPLOYMENT_TARGET = 4.0;
				PRODUCT_NAME = "$(TARGET_NAME)";
				PROVISIONING_PROFILE = "A1B2EC25-899F-423A-A282-158FB03A2268";
				"PROVISIONING_PROFILE[sdk=iphoneos*]" = "";
				VALIDATE_PRODUCT = YES;
				WRAPPER_EXTENSION = app;
			};
			name = Release;
		};
/* End XCBuildConfiguration section */

/* Begin XCConfigurationList section */
		1FF703361416805C00F99082 /* Build configuration list for PBXProject "SeeTheApp" */ = {
			isa = XCConfigurationList;
			buildConfigurations = (
				1FF703651416805E00F99082 /* Debug */,
				1FF703661416805E00F99082 /* Release */,
			);
			defaultConfigurationIsVisible = 0;
			defaultConfigurationName = Release;
		};
		1FF703671416805E00F99082 /* Build configuration list for PBXNativeTarget "SeeTheApp" */ = {
			isa = XCConfigurationList;
			buildConfigurations = (
				1FF703681416805E00F99082 /* Debug */,
				1FF703691416805E00F99082 /* Release */,
			);
			defaultConfigurationIsVisible = 0;
			defaultConfigurationName = Release;
		};
/* End XCConfigurationList section */

/* Begin XCVersionGroup section */
		1FF703541416805D00F99082 /* SeeTheApp.xcdatamodeld */ = {
			isa = XCVersionGroup;
			children = (
				1FF703551416805D00F99082 /* SeeTheApp.xcdatamodel */,
			);
			currentVersion = 1FF703551416805D00F99082 /* SeeTheApp.xcdatamodel */;
			path = SeeTheApp.xcdatamodeld;
			sourceTree = "<group>";
			versionGroupType = wrapper.xcdatamodel;
		};
/* End XCVersionGroup section */
	};
	rootObject = 1FF703331416805C00F99082 /* Project object */;
}
